
Microsoft Visual Studio Solution File, Format Version 12.00
# Visual Studio Version 17
VisualStudioVersion = 17.8.34205.153
MinimumVisualStudioVersion = 10.0.40219.1
Project("{9A19103F-16F7-4668-BE54-9A1E7A4F7556}") = "SingletonDesignPattern", "SingletonDesignPattern\SingletonDesignPattern.csproj", "{48C28C87-1043-47E5-BFAC-953F30BE66DA}"
EndProject
Global
	GlobalSection(SolutionConfigurationPlatforms) = preSolution
		Debug|Any CPU = Debug|Any CPU
		Release|Any CPU = Release|Any CPU
	EndGlobalSection
	GlobalSection(ProjectConfigurationPlatforms) = postSolution
		{48C28C87-1043-47E5-BFAC-953F30BE66DA}.Debug|Any CPU.ActiveCfg = Debug|Any CPU
		{48C28C87-1043-47E5-BFAC-953F30BE66DA}.Debug|Any CPU.Build.0 = Debug|Any CPU
		{48C28C87-1043-47E5-BFAC-953F30BE66DA}.Release|Any CPU.ActiveCfg = Release|Any CPU
		{48C28C87-1043-47E5-BFAC-953F30BE66DA}.Release|Any CPU.Build.0 = Release|Any CPU
	EndGlobalSection
	GlobalSection(SolutionProperties) = preSolution
		HideSolutionNode = FALSE
	EndGlobalSection
	GlobalSection(ExtensibilityGlobals) = postSolution
		SolutionGuid = {5DADCDD0-0016-4BB1-A334-E0860D2A3379}
	EndGlobalSection
EndGlobal
